# This file is automatically @generated by Cargo.
# It is not intended for manual editing.
version = 4

[[package]]
name = "k2-fmt"
version = "0.1.0"
dependencies = [
 "k2-lexer",
 "k2-parse",
 "k2-syntax",
]

[[package]]
name = "k2-lexer"
version = "0.1.0"

[[package]]
name = "k2-parse"
version = "0.1.0"
dependencies = [
 "k2-lexer",
 "k2-syntax",
]

[[package]]
name = "k2-resolve"
version = "0.1.0"
dependencies = [
 "k2-parse",
 "k2-syntax",
]

[[package]]
name = "k2-syntax"
version = "0.1.0"
dependencies = [
 "k2-lexer",
]

[[package]]
name = "k2c"
version = "0.1.0"
dependencies = [
 "k2-fmt",
 "k2-lexer",
 "k2-parse",
 "k2-resolve",
 "k2-syntax",
]
